
Microsoft Visual Studio Solution File, Format Version 12.00
# Visual Studio Version 16
VisualStudioVersion = 16.0.30104.148
MinimumVisualStudioVersion = 10.0.40219.1
Project("{FAE04EC0-301F-11D3-BF4B-00C04F79EFBC}") = "reinforce_game", "reinforce_game\reinforce_game.csproj", "{1D0C74D5-476B-481F-92DF-2255433268AB}"
EndProject
Global
	GlobalSection(SolutionConfigurationPlatforms) = preSolution
		Debug|Any CPU = Debug|Any CPU
		Release|Any CPU = Release|Any CPU
	EndGlobalSection
	GlobalSection(ProjectConfigurationPlatforms) = postSolution
		{1D0C74D5-476B-481F-92DF-2255433268AB}.Debug|Any CPU.ActiveCfg = Debug|Any CPU
		{1D0C74D5-476B-481F-92DF-2255433268AB}.Debug|Any CPU.Build.0 = Debug|Any CPU
		{1D0C74D5-476B-481F-92DF-2255433268AB}.Release|Any CPU.ActiveCfg = Release|Any CPU
		{1D0C74D5-476B-481F-92DF-2255433268AB}.Release|Any CPU.Build.0 = Release|Any CPU
	EndGlobalSection
	GlobalSection(SolutionProperties) = preSolution
		HideSolutionNode = FALSE
	EndGlobalSection
	GlobalSection(ExtensibilityGlobals) = postSolution
		SolutionGuid = {833FB1D0-0D42-4945-B066-CEF0199089DB}
	EndGlobalSection
EndGlobal
